// !$*UTF8*$!
{
	archiveVersion = 1;
	classes = {
	};
	objectVersion = 46;
	objects = {

/* Begin PBXBuildFile section */
		4181514018D778B800974A37 /* Foundation.framework in Frameworks */ = {isa = PBXBuildFile; fileRef = 4181513F18D778B800974A37 /* Foundation.framework */; };
		4181514218D778B800974A37 /* CoreGraphics.framework in Frameworks */ = {isa = PBXBuildFile; fileRef = 4181514118D778B800974A37 /* CoreGraphics.framework */; };
		4181514418D778B800974A37 /* UIKit.framework in Frameworks */ = {isa = PBXBuildFile; fileRef = 4181514318D778B800974A37 /* UIKit.framework */; };
		4181514A18D778B800974A37 /* InfoPlist.strings in Resources */ = {isa = PBXBuildFile; fileRef = 4181514818D778B800974A37 /* InfoPlist.strings */; };
		4181514C18D778B800974A37 /* main.m in Sources */ = {isa = PBXBuildFile; fileRef = 4181514B18D778B800974A37 /* main.m */; };
		4181515018D778B800974A37 /* AJYAppDelegate.m in Sources */ = {isa = PBXBuildFile; fileRef = 4181514F18D778B800974A37 /* AJYAppDelegate.m */; };
		4181515318D778B800974A37 /* Main.storyboard in Resources */ = {isa = PBXBuildFile; fileRef = 4181515118D778B800974A37 /* Main.storyboard */; };
		4181515618D778B800974A37 /* AJYViewController.m in Sources */ = {isa = PBXBuildFile; fileRef = 4181515518D778B800974A37 /* AJYViewController.m */; };
		4181515818D778B800974A37 /* Images.xcassets in Resources */ = {isa = PBXBuildFile; fileRef = 4181515718D778B800974A37 /* Images.xcassets */; };
		4181515F18D778B800974A37 /* XCTest.framework in Frameworks */ = {isa = PBXBuildFile; fileRef = 4181515E18D778B800974A37 /* XCTest.framework */; };
		4181516018D778B800974A37 /* Foundation.framework in Frameworks */ = {isa = PBXBuildFile; fileRef = 4181513F18D778B800974A37 /* Foundation.framework */; };
		4181516118D778B800974A37 /* UIKit.framework in Frameworks */ = {isa = PBXBuildFile; fileRef = 4181514318D778B800974A37 /* UIKit.framework */; };
		4181516918D778B800974A37 /* InfoPlist.strings in Resources */ = {isa = PBXBuildFile; fileRef = 4181516718D778B800974A37 /* InfoPlist.strings */; };
		4181516B18D778B800974A37 /* DoItTests.m in Sources */ = {isa = PBXBuildFile; fileRef = 4181516A18D778B800974A37 /* DoItTests.m */; };
/* End PBXBuildFile section */

/* Begin PBXContainerItemProxy section */
		4181516218D778B800974A37 /* PBXContainerItemProxy */ = {
			isa = PBXContainerItemProxy;
			containerPortal = 4181513418D778B800974A37 /* Project object */;
			proxyType = 1;
			remoteGlobalIDString = 4181513B18D778B800974A37;
			remoteInfo = DoIt;
		};
/* End PBXContainerItemProxy section */

/* Begin PBXFileReference section */
		4181513C18D778B800974A37 /* DoIt.app */ = {isa = PBXFileReference; explicitFileType = wrapper.application; includeInIndex = 0; path = DoIt.app; sourceTree = BUILT_PRODUCTS_DIR; };
		4181513F18D778B800974A37 /* Foundation.framework */ = {isa = PBXFileReference; lastKnownFileType = wrapper.framework; name = Foundation.framework; path = System/Library/Frameworks/Foundation.framework; sourceTree = SDKROOT; };
		4181514118D778B800974A37 /* CoreGraphics.framework */ = {isa = PBXFileReference; lastKnownFileType = wrapper.framework; name = CoreGraphics.framework; path = System/Library/Frameworks/CoreGraphics.framework; sourceTree = SDKROOT; };
		4181514318D778B800974A37 /* UIKit.framework */ = {isa = PBXFileReference; lastKnownFileType = wrapper.framework; name = UIKit.framework; path = System/Library/Frameworks/UIKit.framework; sourceTree = SDKROOT; };
		4181514718D778B800974A37 /* DoIt-Info.plist */ = {isa = PBXFileReference; lastKnownFileType = text.plist.xml; path = "DoIt-Info.plist"; sourceTree = "<group>"; };
		4181514918D778B800974A37 /* en */ = {isa = PBXFileReference; lastKnownFileType = text.plist.strings; name = en; path = en.lproj/InfoPlist.strings; sourceTree = "<group>"; };
		4181514B18D778B800974A37 /* main.m */ = {isa = PBXFileReference; lastKnownFileType = sourcecode.c.objc; path = main.m; sourceTree = "<group>"; };
		4181514D18D778B800974A37 /* DoIt-Prefix.pch */ = {isa = PBXFileReference; lastKnownFileType = sourcecode.c.h; path = "DoIt-Prefix.pch"; sourceTree = "<group>"; };
		4181514E18D778B800974A37 /* AJYAppDelegate.h */ = {isa = PBXFileReference; lastKnownFileType = sourcecode.c.h; path = AJYAppDelegate.h; sourceTree = "<group>"; };
		4181514F18D778B800974A37 /* AJYAppDelegate.m */ = {isa = PBXFileReference; lastKnownFileType = sourcecode.c.objc; path = AJYAppDelegate.m; sourceTree = "<group>"; };
		4181515218D778B800974A37 /* Base */ = {isa = PBXFileReference; lastKnownFileType = file.storyboard; name = Base; path = Base.lproj/Main.storyboard; sourceTree = "<group>"; };
		4181515418D778B800974A37 /* AJYViewController.h */ = {isa = PBXFileReference; lastKnownFileType = sourcecode.c.h; path = AJYViewController.h; sourceTree = "<group>"; };
		4181515518D778B800974A37 /* AJYViewController.m */ = {isa = PBXFileReference; lastKnownFileType = sourcecode.c.objc; path = AJYViewController.m; sourceTree = "<group>"; };
		4181515718D778B800974A37 /* Images.xcassets */ = {isa = PBXFileReference; lastKnownFileType = folder.assetcatalog; path = Images.xcassets; sourceTree = "<group>"; };
		4181515D18D778B800974A37 /* DoItTests.xctest */ = {isa = PBXFileReference; explicitFileType = wrapper.cfbundle; includeInIndex = 0; path = DoItTests.xctest; sourceTree = BUILT_PRODUCTS_DIR; };
		4181515E18D778B800974A37 /* XCTest.framework */ = {isa = PBXFileReference; lastKnownFileType = wrapper.framework; name = XCTest.framework; path = Library/Frameworks/XCTest.framework; sourceTree = DEVELOPER_DIR; };
		4181516618D778B800974A37 /* DoItTests-Info.plist */ = {isa = PBXFileReference; lastKnownFileType = text.plist.xml; path = "DoItTests-Info.plist"; sourceTree = "<group>"; };
		4181516818D778B800974A37 /* en */ = {isa = PBXFileReference; lastKnownFileType = text.plist.strings; name = en; path = en.lproj/InfoPlist.strings; sourceTree = "<group>"; };
		4181516A18D778B800974A37 /* DoItTests.m */ = {isa = PBXFileReference; lastKnownFileType = sourcecode.c.objc; path = DoItTests.m; sourceTree = "<group>"; };
/* End PBXFileReference section */

/* Begin PBXFrameworksBuildPhase section */
		4181513918D778B800974A37 /* Frameworks */ = {
			isa = PBXFrameworksBuildPhase;
			buildActionMask = 2147483647;
			files = (
				4181514218D778B800974A37 /* CoreGraphics.framework in Frameworks */,
				4181514418D778B800974A37 /* UIKit.framework in Frameworks */,
				4181514018D778B800974A37 /* Foundation.framework in Frameworks */,
			);
			runOnlyForDeploymentPostprocessing = 0;
		};
		4181515A18D778B800974A37 /* Frameworks */ = {
			isa = PBXFrameworksBuildPhase;
			buildActionMask = 2147483647;
			files = (
				4181515F18D778B800974A37 /* XCTest.framework in Frameworks */,
				4181516118D778B800974A37 /* UIKit.framework in Frameworks */,
				4181516018D778B800974A37 /* Foundation.framework in Frameworks */,
			);
			runOnlyForDeploymentPostprocessing = 0;
		};
/* End PBXFrameworksBuildPhase section */

/* Begin PBXGroup section */
		4181513318D778B800974A37 = {
			isa = PBXGroup;
			children = (
				4181514518D778B800974A37 /* DoIt */,
				4181516418D778B800974A37 /* DoItTests */,
				4181513E18D778B800974A37 /* Frameworks */,
				4181513D18D778B800974A37 /* Products */,
			);
			sourceTree = "<group>";
		};
		4181513D18D778B800974A37 /* Products */ = {
			isa = PBXGroup;
			children = (
				4181513C18D778B800974A37 /* DoIt.app */,
				4181515D18D778B800974A37 /* DoItTests.xctest */,
			);
			name = Products;
			sourceTree = "<group>";
		};
		4181513E18D778B800974A37 /* Frameworks */ = {
			isa = PBXGroup;
			children = (
				4181513F18D778B800974A37 /* Foundation.framework */,
				4181514118D778B800974A37 /* CoreGraphics.framework */,
				4181514318D778B800974A37 /* UIKit.framework */,
				4181515E18D778B800974A37 /* XCTest.framework */,
			);
			name = Frameworks;
			sourceTree = "<group>";
		};
		4181514518D778B800974A37 /* DoIt */ = {
			isa = PBXGroup;
			children = (
				4181514E18D778B800974A37 /* AJYAppDelegate.h */,
				4181514F18D778B800974A37 /* AJYAppDelegate.m */,
				4181515118D778B800974A37 /* Main.storyboard */,
				4181515418D778B800974A37 /* AJYViewController.h */,
				4181515518D778B800974A37 /* AJYViewController.m */,
				4181515718D778B800974A37 /* Images.xcassets */,
				4181514618D778B800974A37 /* Supporting Files */,
			);
			path = DoIt;
			sourceTree = "<group>";
		};
		4181514618D778B800974A37 /* Supporting Files */ = {
			isa = PBXGroup;
			children = (
				4181514718D778B800974A37 /* DoIt-Info.plist */,
				4181514818D778B800974A37 /* InfoPlist.strings */,
				4181514B18D778B800974A37 /* main.m */,
				4181514D18D778B800974A37 /* DoIt-Prefix.pch */,
			);
			name = "Supporting Files";
			sourceTree = "<group>";
		};
		4181516418D778B800974A37 /* DoItTests */ = {
			isa = PBXGroup;
			children = (
				4181516A18D778B800974A37 /* DoItTests.m */,
				4181516518D778B800974A37 /* Supporting Files */,
			);
			path = DoItTests;
			sourceTree = "<group>";
		};
		4181516518D778B800974A37 /* Supporting Files */ = {
			isa = PBXGroup;
			children = (
				4181516618D778B800974A37 /* DoItTests-Info.plist */,
				4181516718D778B800974A37 /* InfoPlist.strings */,
			);
			name = "Supporting Files";
			sourceTree = "<group>";
		};
/* End PBXGroup section */

/* Begin PBXNativeTarget section */
		4181513B18D778B800974A37 /* DoIt */ = {
			isa = PBXNativeTarget;
			buildConfigurationList = 4181516E18D778B800974A37 /* Build configuration list for PBXNativeTarget "DoIt" */;
			buildPhases = (
				4181513818D778B800974A37 /* Sources */,
				4181513918D778B800974A37 /* Frameworks */,
				4181513A18D778B800974A37 /* Resources */,
			);
			buildRules = (
			);
			dependencies = (
			);
			name = DoIt;
			productName = DoIt;
			productReference = 4181513C18D778B800974A37 /* DoIt.app */;
			productType = "com.apple.product-type.application";
		};
		4181515C18D778B800974A37 /* DoItTests */ = {
			isa = PBXNativeTarget;
			buildConfigurationList = 4181517118D778B800974A37 /* Build configuration list for PBXNativeTarget "DoItTests" */;
			buildPhases = (
				4181515918D778B800974A37 /* Sources */,
				4181515A18D778B800974A37 /* Frameworks */,
				4181515B18D778B800974A37 /* Resources */,
			);
			buildRules = (
			);
			dependencies = (
				4181516318D778B800974A37 /* PBXTargetDependency */,
			);
			name = DoItTests;
			productName = DoItTests;
			productReference = 4181515D18D778B800974A37 /* DoItTests.xctest */;
			productType = "com.apple.product-type.bundle.unit-test";
		};
/* End PBXNativeTarget section */

/* Begin PBXProject section */
		4181513418D778B800974A37 /* Project object */ = {
			isa = PBXProject;
			attributes = {
				CLASSPREFIX = AJY;
				LastUpgradeCheck = 0500;
				ORGANIZATIONNAME = "Jian Yao Ang";
				TargetAttributes = {
					4181515C18D778B800974A37 = {
						TestTargetID = 4181513B18D778B800974A37;
					};
				};
			};
			buildConfigurationList = 4181513718D778B800974A37 /* Build configuration list for PBXProject "DoIt" */;
			compatibilityVersion = "Xcode 3.2";
			developmentRegion = English;
			hasScannedForEncodings = 0;
			knownRegions = (
				en,
				Base,
			);
			mainGroup = 4181513318D778B800974A37;
			productRefGroup = 4181513D18D778B800974A37 /* Products */;
			projectDirPath = "";
			projectRoot = "";
			targets = (
				4181513B18D778B800974A37 /* DoIt */,
				4181515C18D778B800974A37 /* DoItTests */,
			);
		};
/* End PBXProject section */

/* Begin PBXResourcesBuildPhase section */
		4181513A18D778B800974A37 /* Resources */ = {
			isa = PBXResourcesBuildPhase;
			buildActionMask = 2147483647;
			files = (
				4181515818D778B800974A37 /* Images.xcassets in Resources */,
				4181514A18D778B800974A37 /* InfoPlist.strings in Resources */,
				4181515318D778B800974A37 /* Main.storyboard in Resources */,
			);
			runOnlyForDeploymentPostprocessing = 0;
		};
		4181515B18D778B800974A37 /* Resources */ = {
			isa = PBXResourcesBuildPhase;
			buildActionMask = 2147483647;
			files = (
				4181516918D778B800974A37 /* InfoPlist.strings in Resources */,
			);
			runOnlyForDeploymentPostprocessing = 0;
		};
/* End PBXResourcesBuildPhase section */

/* Begin PBXSourcesBuildPhase section */
		4181513818D778B800974A37 /* Sources */ = {
			isa = PBXSourcesBuildPhase;
			buildActionMask = 2147483647;
			files = (
				4181515618D778B800974A37 /* AJYViewController.m in Sources */,
				4181514C18D778B800974A37 /* main.m in Sources */,
				4181515018D778B800974A37 /* AJYAppDelegate.m in Sources */,
			);
			runOnlyForDeploymentPostprocessing = 0;
		};
		4181515918D778B800974A37 /* Sources */ = {
			isa = PBXSourcesBuildPhase;
			buildActionMask = 2147483647;
			files = (
				4181516B18D778B800974A37 /* DoItTests.m in Sources */,
			);
			runOnlyForDeploymentPostprocessing = 0;
		};
/* End PBXSourcesBuildPhase section */

/* Begin PBXTargetDependency section */
		4181516318D778B800974A37 /* PBXTargetDependency */ = {
			isa = PBXTargetDependency;
			target = 4181513B18D778B800974A37 /* DoIt */;
			targetProxy = 4181516218D778B800974A37 /* PBXContainerItemProxy */;
		};
/* End PBXTargetDependency section */

/* Begin PBXVariantGroup section */
		4181514818D778B800974A37 /* InfoPlist.strings */ = {
			isa = PBXVariantGroup;
			children = (
				4181514918D778B800974A37 /* en */,
			);
			name = InfoPlist.strings;
			sourceTree = "<group>";
		};
		4181515118D778B800974A37 /* Main.storyboard */ = {
			isa = PBXVariantGroup;
			children = (
				4181515218D778B800974A37 /* Base */,
			);
			name = Main.storyboard;
			sourceTree = "<group>";
		};
		4181516718D778B800974A37 /* InfoPlist.strings */ = {
			isa = PBXVariantGroup;
			children = (
				4181516818D778B800974A37 /* en */,
			);
			name = InfoPlist.strings;
			sourceTree = "<group>";
		};
/* End PBXVariantGroup section */

/* Begin XCBuildConfiguration section */
		4181516C18D778B800974A37 /* Debug */ = {
			isa = XCBuildConfiguration;
			buildSettings = {
				ALWAYS_SEARCH_USER_PATHS = NO;
				ARCHS = "$(ARCHS_STANDARD_INCLUDING_64_BIT)";
				CLANG_CXX_LANGUAGE_STANDARD = "gnu++0x";
				CLANG_CXX_LIBRARY = "libc++";
				CLANG_ENABLE_MODULES = YES;
				CLANG_ENABLE_OBJC_ARC = YES;
				CLANG_WARN_BOOL_CONVERSION = YES;
				CLANG_WARN_CONSTANT_CONVERSION = YES;
				CLANG_WARN_DIRECT_OBJC_ISA_USAGE = YES_ERROR;
				CLANG_WARN_EMPTY_BODY = YES;
				CLANG_WARN_ENUM_CONVERSION = YES;
				CLANG_WARN_INT_CONVERSION = YES;
				CLANG_WARN_OBJC_ROOT_CLASS = YES_ERROR;
				CLANG_WARN__DUPLICATE_METHOD_MATCH = YES;
				"CODE_SIGN_IDENTITY[sdk=iphoneos*]" = "iPhone Developer";
				COPY_PHASE_STRIP = NO;
				GCC_C_LANGUAGE_STANDARD = gnu99;
				GCC_DYNAMIC_NO_PIC = NO;
				GCC_OPTIMIZATION_LEVEL = 0;
				GCC_PREPROCESSOR_DEFINITIONS = (
					"DEBUG=1",
					"$(inherited)",
				);
				GCC_SYMBOLS_PRIVATE_EXTERN = NO;
				GCC_WARN_64_TO_32_BIT_CONVERSION = YES;
				GCC_WARN_ABOUT_RETURN_TYPE = YES_ERROR;
				GCC_WARN_UNDECLARED_SELECTOR = YES;
				GCC_WARN_UNINITIALIZED_AUTOS = YES;
				GCC_WARN_UNUSED_FUNCTION = YES;
				GCC_WARN_UNUSED_VARIABLE = YES;
				IPHONEOS_DEPLOYMENT_TARGET = 7.0;
				ONLY_ACTIVE_ARCH = YES;
				SDKROOT = iphoneos;
			};
			name = Debug;
		};
		4181516D18D778B800974A37 /* Release */ = {
			isa = XCBuildConfiguration;
			buildSettings = {
				ALWAYS_SEARCH_USER_PATHS = NO;
				ARCHS = "$(ARCHS_STANDARD_INCLUDING_64_BIT)";
				CLANG_CXX_LANGUAGE_STANDARD = "gnu++0x";
				CLANG_CXX_LIBRARY = "libc++";
				CLANG_ENABLE_MODULES = YES;
				CLANG_ENABLE_OBJC_ARC = YES;
				CLANG_WARN_BOOL_CONVERSION = YES;
				CLANG_WARN_CONSTANT_CONVERSION = YES;
				CLANG_WARN_DIRECT_OBJC_ISA_USAGE = YES_ERROR;
				CLANG_WARN_EMPTY_BODY = YES;
				CLANG_WARN_ENUM_CONVERSION = YES;
				CLANG_WARN_INT_CONVERSION = YES;
				CLANG_WARN_OBJC_ROOT_CLASS = YES_ERROR;
				CLANG_WARN__DUPLICATE_METHOD_MATCH = YES;
				"CODE_SIGN_IDENTITY[sdk=iphoneos*]" = "iPhone Developer";
				COPY_PHASE_STRIP = YES;
				ENABLE_NS_ASSERTIONS = NO;
				GCC_C_LANGUAGE_STANDARD = gnu99;
				GCC_WARN_64_TO_32_BIT_CONVERSION = YES;
				GCC_WARN_ABOUT_RETURN_TYPE = YES_ERROR;
				GCC_WARN_UNDECLARED_SELECTOR = YES;
				GCC_WARN_UNINITIALIZED_AUTOS = YES;
				GCC_WARN_UNUSED_FUNCTION = YES;
				GCC_WARN_UNUSED_VARIABLE = YES;
				IPHONEOS_DEPLOYMENT_TARGET = 7.0;
				SDKROOT = iphoneos;
				VALIDATE_PRODUCT = YES;
			};
			name = Release;
		};
		4181516F18D778B800974A37 /* Debug */ = {
			isa = XCBuildConfiguration;
			buildSettings = {
				ASSETCATALOG_COMPILER_APPICON_NAME = AppIcon;
				ASSETCATALOG_COMPILER_LAUNCHIMAGE_NAME = LaunchImage;
				FRAMEWORK_SEARCH_PATHS = (
					"$(inherited)",
					/Users/jianyaoang/MobileMakers,
					"$(PROJECT_DIR)",
				);
				GCC_PRECOMPILE_PREFIX_HEADER = YES;
				GCC_PREFIX_HEADER = "DoIt/DoIt-Prefix.pch";
				INFOPLIST_FILE = "DoIt/DoIt-Info.plist";
				PRODUCT_NAME = "$(TARGET_NAME)";
				WRAPPER_EXTENSION = app;
			};
			name = Debug;
		};
		4181517018D778B800974A37 /* Release */ = {
			isa = XCBuildConfiguration;
			buildSettings = {
				ASSETCATALOG_COMPILER_APPICON_NAME = AppIcon;
				ASSETCATALOG_COMPILER_LAUNCHIMAGE_NAME = LaunchImage;
				FRAMEWORK_SEARCH_PATHS = (
					"$(inherited)",
					/Users/jianyaoang/MobileMakers,
					"$(PROJECT_DIR)",
				);
				GCC_PRECOMPILE_PREFIX_HEADER = YES;
				GCC_PREFIX_HEADER = "DoIt/DoIt-Prefix.pch";
				INFOPLIST_FILE = "DoIt/DoIt-Info.plist";
				PRODUCT_NAME = "$(TARGET_NAME)";
				WRAPPER_EXTENSION = app;
			};
			name = Release;
		};
		4181517218D778B800974A37 /* Debug */ = {
			isa = XCBuildConfiguration;
			buildSettings = {
				ARCHS = "$(ARCHS_STANDARD_INCLUDING_64_BIT)";
				BUNDLE_LOADER = "$(BUILT_PRODUCTS_DIR)/DoIt.app/DoIt";
				FRAMEWORK_SEARCH_PATHS = (
					"$(SDKROOT)/Developer/Library/Frameworks",
					"$(inherited)",
					"$(DEVELOPER_FRAMEWORKS_DIR)",
				);
				GCC_PRECOMPILE_PREFIX_HEADER = YES;
				GCC_PREFIX_HEADER = "DoIt/DoIt-Prefix.pch";
				GCC_PREPROCESSOR_DEFINITIONS = (
					"DEBUG=1",
					"$(inherited)",
				);
				INFOPLIST_FILE = "DoItTests/DoItTests-Info.plist";
				PRODUCT_NAME = "$(TARGET_NAME)";
				TEST_HOST = "$(BUNDLE_LOADER)";
				WRAPPER_EXTENSION = xctest;
			};
			name = Debug;
		};
		4181517318D778B800974A37 /* Release */ = {
			isa = XCBuildConfiguration;
			buildSettings = {
				ARCHS = "$(ARCHS_STANDARD_INCLUDING_64_BIT)";
				BUNDLE_LOADER = "$(BUILT_PRODUCTS_DIR)/DoIt.app/DoIt";
				FRAMEWORK_SEARCH_PATHS = (
					"$(SDKROOT)/Developer/Library/Frameworks",
					"$(inherited)",
					"$(DEVELOPER_FRAMEWORKS_DIR)",
				);
				GCC_PRECOMPILE_PREFIX_HEADER = YES;
				GCC_PREFIX_HEADER = "DoIt/DoIt-Prefix.pch";
				INFOPLIST_FILE = "DoItTests/DoItTests-Info.plist";
				PRODUCT_NAME = "$(TARGET_NAME)";
				TEST_HOST = "$(BUNDLE_LOADER)";
				WRAPPER_EXTENSION = xctest;
			};
			name = Release;
		};
/* End XCBuildConfiguration section */

/* Begin XCConfigurationList section */
		4181513718D778B800974A37 /* Build configuration list for PBXProject "DoIt" */ = {
			isa = XCConfigurationList;
			buildConfigurations = (
				4181516C18D778B800974A37 /* Debug */,
				4181516D18D778B800974A37 /* Release */,
			);
			defaultConfigurationIsVisible = 0;
			defaultConfigurationName = Release;
		};
		4181516E18D778B800974A37 /* Build configuration list for PBXNativeTarget "DoIt" */ = {
			isa = XCConfigurationList;
			buildConfigurations = (
				4181516F18D778B800974A37 /* Debug */,
				4181517018D778B800974A37 /* Release */,
			);
			defaultConfigurationIsVisible = 0;
			defaultConfigurationName = Release;
		};
		4181517118D778B800974A37 /* Build configuration list for PBXNativeTarget "DoItTests" */ = {
			isa = XCConfigurationList;
			buildConfigurations = (
				4181517218D778B800974A37 /* Debug */,
				4181517318D778B800974A37 /* Release */,
			);
			defaultConfigurationIsVisible = 0;
			defaultConfigurationName = Release;
		};
/* End XCConfigurationList section */
	};
	rootObject = 4181513418D778B800974A37 /* Project object */;
}
